
Microsoft Visual Studio Solution File, Format Version 12.00
# Visual Studio 15
VisualStudioVersion = 15.0.28307.168
MinimumVisualStudioVersion = 10.0.40219.1
Project("{9A19103F-16F7-4668-BE54-9A1E7A4F7556}") = "ContentManagerBFF", "ContentManagerBFF\ContentManagerBFF.csproj", "{9BE533DF-B2FA-45FE-9D51-563176D51850}"
EndProject
Global
	GlobalSection(SolutionConfigurationPlatforms) = preSolution
		Debug|Any CPU = Debug|Any CPU
		Release|Any CPU = Release|Any CPU
	EndGlobalSection
	GlobalSection(ProjectConfigurationPlatforms) = postSolution
		{9BE533DF-B2FA-45FE-9D51-563176D51850}.Debug|Any CPU.ActiveCfg = Debug|Any CPU
		{9BE533DF-B2FA-45FE-9D51-563176D51850}.Debug|Any CPU.Build.0 = Debug|Any CPU
		{9BE533DF-B2FA-45FE-9D51-563176D51850}.Release|Any CPU.ActiveCfg = Release|Any CPU
		{9BE533DF-B2FA-45FE-9D51-563176D51850}.Release|Any CPU.Build.0 = Release|Any CPU
	EndGlobalSection
	GlobalSection(SolutionProperties) = preSolution
		HideSolutionNode = FALSE
	EndGlobalSection
	GlobalSection(ExtensibilityGlobals) = postSolution
		SolutionGuid = {3286F020-8EE1-407A-A5DE-4D942CD60F4E}
	EndGlobalSection
EndGlobal
